PODS:
  - CocoaAsyncSocket (7.6.5)
  - CocoaLumberjack (3.8.0):
    - CocoaLumberjack/Core (= 3.8.0)
  - CocoaLumberjack/Core (3.8.0)

DEPENDENCIES:
  - CocoaAsyncSocket
  - CocoaLumberjack

SPEC REPOS:
  trunk:
    - CocoaAsyncSocket
    - CocoaLumberjack

SPEC CHECKSUMS:
  CocoaAsyncSocket: 065fd1e645c7abab64f7a6a2007a48038fdc6a99
  CocoaLumberjack: 78abfb691154e2a9df8ded4350d504ee19d90732

PODFILE CHECKSUM: e0d9db757d0957ae39229ec6493dfef037e79590

COCOAPODS: 1.12.0
